
Microsoft Visual Studio Solution File, Format Version 12.00
# Visual Studio Version 17
VisualStudioVersion = 17.1.32210.238
MinimumVisualStudioVersion = 10.0.40219.1
Project("{8BC9CEB8-8B4A-11D0-8D11-00A0C91BC942}") = "dusha", "dusha.vcxproj", "{954AF821-EDF5-4DA7-B4DD-6578ABD272FA}"
EndProject
Global
	GlobalSection(SolutionConfigurationPlatforms) = preSolution
		Debug|x64 = Debug|x64
		Debug|x86 = Debug|x86
		Release|x64 = Release|x64
		Release|x86 = Release|x86
	EndGlobalSection
	GlobalSection(ProjectConfigurationPlatforms) = postSolution
		{954AF821-EDF5-4DA7-B4DD-6578ABD272FA}.Debug|x64.ActiveCfg = Debug|x64
		{954AF821-EDF5-4DA7-B4DD-6578ABD272FA}.Debug|x64.Build.0 = Debug|x64
		{954AF821-EDF5-4DA7-B4DD-6578ABD272FA}.Debug|x86.ActiveCfg = Debug|Win32
		{954AF821-EDF5-4DA7-B4DD-6578ABD272FA}.Debug|x86.Build.0 = Debug|Win32
		{954AF821-EDF5-4DA7-B4DD-6578ABD272FA}.Release|x64.ActiveCfg = Release|x64
		{954AF821-EDF5-4DA7-B4DD-6578ABD272FA}.Release|x64.Build.0 = Release|x64
		{954AF821-EDF5-4DA7-B4DD-6578ABD272FA}.Release|x86.ActiveCfg = Release|Win32
		{954AF821-EDF5-4DA7-B4DD-6578ABD272FA}.Release|x86.Build.0 = Release|Win32
	EndGlobalSection
	GlobalSection(SolutionProperties) = preSolution
		HideSolutionNode = FALSE
	EndGlobalSection
	GlobalSection(ExtensibilityGlobals) = postSolution
		SolutionGuid = {66292EFD-E31A-4F16-ADD7-FAEFE6CA74C5}
	EndGlobalSection
EndGlobal
