
Microsoft Visual Studio Solution File, Format Version 12.00
# Visual Studio Version 17
VisualStudioVersion = 17.1.32228.430
MinimumVisualStudioVersion = 10.0.40219.1
Project("{8BC9CEB8-8B4A-11D0-8D11-00A0C91BC942}") = "栈表达式求值实数版", "栈表达式求值实数版.vcxproj", "{59FF82D1-59B5-4052-B6E7-A1DA1EF617DC}"
EndProject
Global
	GlobalSection(SolutionConfigurationPlatforms) = preSolution
		Debug|x64 = Debug|x64
		Debug|x86 = Debug|x86
		Release|x64 = Release|x64
		Release|x86 = Release|x86
	EndGlobalSection
	GlobalSection(ProjectConfigurationPlatforms) = postSolution
		{59FF82D1-59B5-4052-B6E7-A1DA1EF617DC}.Debug|x64.ActiveCfg = Debug|x64
		{59FF82D1-59B5-4052-B6E7-A1DA1EF617DC}.Debug|x64.Build.0 = Debug|x64
		{59FF82D1-59B5-4052-B6E7-A1DA1EF617DC}.Debug|x86.ActiveCfg = Debug|Win32
		{59FF82D1-59B5-4052-B6E7-A1DA1EF617DC}.Debug|x86.Build.0 = Debug|Win32
		{59FF82D1-59B5-4052-B6E7-A1DA1EF617DC}.Release|x64.ActiveCfg = Release|x64
		{59FF82D1-59B5-4052-B6E7-A1DA1EF617DC}.Release|x64.Build.0 = Release|x64
		{59FF82D1-59B5-4052-B6E7-A1DA1EF617DC}.Release|x86.ActiveCfg = Release|Win32
		{59FF82D1-59B5-4052-B6E7-A1DA1EF617DC}.Release|x86.Build.0 = Release|Win32
	EndGlobalSection
	GlobalSection(SolutionProperties) = preSolution
		HideSolutionNode = FALSE
	EndGlobalSection
	GlobalSection(ExtensibilityGlobals) = postSolution
		SolutionGuid = {26F21BCF-A996-407B-A675-B42D24DC1CD2}
	EndGlobalSection
EndGlobal
