
Microsoft Visual Studio Solution File, Format Version 12.00
# Visual Studio Version 16
VisualStudioVersion = 16.0.31729.503
MinimumVisualStudioVersion = 10.0.40219.1
Project("{FAE04EC0-301F-11D3-BF4B-00C04F79EFBC}") = "testspace", "testspace.csproj", "{6010E66F-813D-48E0-94C5-D525E160E419}"
EndProject
Global
	GlobalSection(SolutionConfigurationPlatforms) = preSolution
		Debug|Any CPU = Debug|Any CPU
		Release|Any CPU = Release|Any CPU
	EndGlobalSection
	GlobalSection(ProjectConfigurationPlatforms) = postSolution
		{6010E66F-813D-48E0-94C5-D525E160E419}.Debug|Any CPU.ActiveCfg = Debug|Any CPU
		{6010E66F-813D-48E0-94C5-D525E160E419}.Debug|Any CPU.Build.0 = Debug|Any CPU
		{6010E66F-813D-48E0-94C5-D525E160E419}.Release|Any CPU.ActiveCfg = Release|Any CPU
		{6010E66F-813D-48E0-94C5-D525E160E419}.Release|Any CPU.Build.0 = Release|Any CPU
	EndGlobalSection
	GlobalSection(SolutionProperties) = preSolution
		HideSolutionNode = FALSE
	EndGlobalSection
	GlobalSection(ExtensibilityGlobals) = postSolution
		SolutionGuid = {3F879E8A-A56E-45DE-9C9C-F319981909DF}
	EndGlobalSection
EndGlobal
